// !$*UTF8*$!
{
	archiveVersion = 1;
	classes = {
	};
	objectVersion = 46;
	objects = {

/* Begin PBXBuildFile section */
		DC3457211EB08E0D00D82E2D /* main.m in Sources */ = {isa = PBXBuildFile; fileRef = DC3457201EB08E0D00D82E2D /* main.m */; };
		DC34572C1EB08E0D00D82E2D /* Assets.xcassets in Resources */ = {isa = PBXBuildFile; fileRef = DC34572B1EB08E0D00D82E2D /* Assets.xcassets */; };
		DC3457581EB0942100D82E2D /* MessagesController.m in Sources */ = {isa = PBXBuildFile; fileRef = DC3457571EB0942100D82E2D /* MessagesController.m */; };
		DC34575B1EB0944100D82E2D /* ProviderController.m in Sources */ = {isa = PBXBuildFile; fileRef = DC34575A1EB0944100D82E2D /* ProviderController.m */; };
		DC34575E1EB0945300D82E2D /* ServiceInfoController.m in Sources */ = {isa = PBXBuildFile; fileRef = DC34575D1EB0945300D82E2D /* ServiceInfoController.m */; };
		DC3457611EB0946100D82E2D /* MineController.m in Sources */ = {isa = PBXBuildFile; fileRef = DC3457601EB0946100D82E2D /* MineController.m */; };
		DC34576E1EB0F09F00D82E2D /* AppDelegate.m in Sources */ = {isa = PBXBuildFile; fileRef = DC3457661EB0F09F00D82E2D /* AppDelegate.m */; };
		DC34576F1EB0F09F00D82E2D /* MainNavController.m in Sources */ = {isa = PBXBuildFile; fileRef = DC3457681EB0F09F00D82E2D /* MainNavController.m */; };
		DC3457701EB0F09F00D82E2D /* MainTabBarController.m in Sources */ = {isa = PBXBuildFile; fileRef = DC34576A1EB0F09F00D82E2D /* MainTabBarController.m */; };
		DC3457711EB0F09F00D82E2D /* Launch Screen.storyboard in Resources */ = {isa = PBXBuildFile; fileRef = DC34576D1EB0F09F00D82E2D /* Launch Screen.storyboard */; };
		DC3457781EB0F19F00D82E2D /* PublishController.m in Sources */ = {isa = PBXBuildFile; fileRef = DC3457771EB0F19F00D82E2D /* PublishController.m */; };
		DC34577E1EB4231800D82E2D /* MainTabBar.m in Sources */ = {isa = PBXBuildFile; fileRef = DC34577D1EB4231800D82E2D /* MainTabBar.m */; };
		DC3457811EB4235500D82E2D /* MainBarItem.m in Sources */ = {isa = PBXBuildFile; fileRef = DC3457801EB4235500D82E2D /* MainBarItem.m */; };
		DC3457831EB423EE00D82E2D /* mainTabBarItems.plist in Resources */ = {isa = PBXBuildFile; fileRef = DC3457821EB423EE00D82E2D /* mainTabBarItems.plist */; };
		DC3457881EB4884300D82E2D /* TabBarButton.m in Sources */ = {isa = PBXBuildFile; fileRef = DC3457871EB4884300D82E2D /* TabBarButton.m */; };
		DC34578B1EB48F0300D82E2D /* TabBarCenterButton.m in Sources */ = {isa = PBXBuildFile; fileRef = DC34578A1EB48F0300D82E2D /* TabBarCenterButton.m */; };
		DC3457FD1EB832CB00D82E2D /* NavButton.m in Sources */ = {isa = PBXBuildFile; fileRef = DC3457FC1EB832CB00D82E2D /* NavButton.m */; };
		DC3458001EB8429000D82E2D /* NavCenterBar.m in Sources */ = {isa = PBXBuildFile; fileRef = DC3457FF1EB8429000D82E2D /* NavCenterBar.m */; };
		DCCB60961ECC7142003A3B86 /* SearchViewController.m in Sources */ = {isa = PBXBuildFile; fileRef = DCCB60951ECC7142003A3B86 /* SearchViewController.m */; };
		DCCB609C1ECD3486003A3B86 /* CouponView.m in Sources */ = {isa = PBXBuildFile; fileRef = DCCB609B1ECD3486003A3B86 /* CouponView.m */; };
		DCD15D331EC43D160071BE0E /* SearchBar.m in Sources */ = {isa = PBXBuildFile; fileRef = DCD15D321EC43D160071BE0E /* SearchBar.m */; };
		DCD15D361EC44A3E0071BE0E /* PhotoBrowserController.m in Sources */ = {isa = PBXBuildFile; fileRef = DCD15D351EC44A3E0071BE0E /* PhotoBrowserController.m */; };
		DCD15D3F1EC480B70071BE0E /* MyFollowHeaderViewController.m in Sources */ = {isa = PBXBuildFile; fileRef = DCD15D3E1EC480B70071BE0E /* MyFollowHeaderViewController.m */; };
		DCD15D451EC579C80071BE0E /* LikeButton.m in Sources */ = {isa = PBXBuildFile; fileRef = DCD15D441EC579C80071BE0E /* LikeButton.m */; };
		DCD15D481EC6BD340071BE0E /* DetailViewController.m in Sources */ = {isa = PBXBuildFile; fileRef = DCD15D471EC6BD340071BE0E /* DetailViewController.m */; };
		DCD15D511EC8A11C0071BE0E /* SearchController.m in Sources */ = {isa = PBXBuildFile; fileRef = DCD15D501EC8A11C0071BE0E /* SearchController.m */; };
		DCD15D541EC936F10071BE0E /* SearchResultViewController.m in Sources */ = {isa = PBXBuildFile; fileRef = DCD15D531EC936F10071BE0E /* SearchResultViewController.m */; };
		DCD15D571EC943DE0071BE0E /* SearchHistoryView.m in Sources */ = {isa = PBXBuildFile; fileRef = DCD15D561EC943DE0071BE0E /* SearchHistoryView.m */; };
		DCD15D5A1ECA8D170071BE0E /* PersonalViewController.m in Sources */ = {isa = PBXBuildFile; fileRef = DCD15D591ECA8D170071BE0E /* PersonalViewController.m */; };
		DCFC20541EBAD2A80075ED2F /* MyFollowViewController.m in Sources */ = {isa = PBXBuildFile; fileRef = DCFC20531EBAD2A80075ED2F /* MyFollowViewController.m */; };
		DCFC205A1EBD94080075ED2F /* ServiceInfo.m in Sources */ = {isa = PBXBuildFile; fileRef = DCFC20591EBD94080075ED2F /* ServiceInfo.m */; };
		DCFC20601EBE12C40075ED2F /* ServiceInfoCell.m in Sources */ = {isa = PBXBuildFile; fileRef = DCFC205F1EBE12C40075ED2F /* ServiceInfoCell.m */; };
/* End PBXBuildFile section */

/* Begin PBXFileReference section */
		DC34571C1EB08E0D00D82E2D /* services.app */ = {isa = PBXFileReference; explicitFileType = wrapper.application; includeInIndex = 0; path = services.app; sourceTree = BUILT_PRODUCTS_DIR; };
		DC3457201EB08E0D00D82E2D /* main.m */ = {isa = PBXFileReference; lastKnownFileType = sourcecode.c.objc; path = main.m; sourceTree = "<group>"; };
		DC34572B1EB08E0D00D82E2D /* Assets.xcassets */ = {isa = PBXFileReference; lastKnownFileType = folder.assetcatalog; path = Assets.xcassets; sourceTree = "<group>"; };
		DC3457301EB08E0D00D82E2D /* Info.plist */ = {isa = PBXFileReference; lastKnownFileType = text.plist.xml; path = Info.plist; sourceTree = "<group>"; };
		DC3457561EB0942100D82E2D /* MessagesController.h */ = {isa = PBXFileReference; fileEncoding = 4; lastKnownFileType = sourcecode.c.h; path = MessagesController.h; sourceTree = "<group>"; };
		DC3457571EB0942100D82E2D /* MessagesController.m */ = {isa = PBXFileReference; fileEncoding = 4; lastKnownFileType = sourcecode.c.objc; path = MessagesController.m; sourceTree = "<group>"; };
		DC3457591EB0944100D82E2D /* ProviderController.h */ = {isa = PBXFileReference; fileEncoding = 4; lastKnownFileType = sourcecode.c.h; path = ProviderController.h; sourceTree = "<group>"; };
		DC34575A1EB0944100D82E2D /* ProviderController.m */ = {isa = PBXFileReference; fileEncoding = 4; lastKnownFileType = sourcecode.c.objc; path = ProviderController.m; sourceTree = "<group>"; };
		DC34575C1EB0945300D82E2D /* ServiceInfoController.h */ = {isa = PBXFileReference; fileEncoding = 4; lastKnownFileType = sourcecode.c.h; path = ServiceInfoController.h; sourceTree = "<group>"; };
		DC34575D1EB0945300D82E2D /* ServiceInfoController.m */ = {isa = PBXFileReference; fileEncoding = 4; lastKnownFileType = sourcecode.c.objc; path = ServiceInfoController.m; sourceTree = "<group>"; };
		DC34575F1EB0946100D82E2D /* MineController.h */ = {isa = PBXFileReference; fileEncoding = 4; lastKnownFileType = sourcecode.c.h; path = MineController.h; sourceTree = "<group>"; };
		DC3457601EB0946100D82E2D /* MineController.m */ = {isa = PBXFileReference; fileEncoding = 4; lastKnownFileType = sourcecode.c.objc; path = MineController.m; sourceTree = "<group>"; };
		DC3457651EB0F09F00D82E2D /* AppDelegate.h */ = {isa = PBXFileReference; fileEncoding = 4; lastKnownFileType = sourcecode.c.h; path = AppDelegate.h; sourceTree = "<group>"; };
		DC3457661EB0F09F00D82E2D /* AppDelegate.m */ = {isa = PBXFileReference; fileEncoding = 4; lastKnownFileType = sourcecode.c.objc; path = AppDelegate.m; sourceTree = "<group>"; };
		DC3457671EB0F09F00D82E2D /* MainNavController.h */ = {isa = PBXFileReference; fileEncoding = 4; lastKnownFileType = sourcecode.c.h; path = MainNavController.h; sourceTree = "<group>"; };
		DC3457681EB0F09F00D82E2D /* MainNavController.m */ = {isa = PBXFileReference; fileEncoding = 4; lastKnownFileType = sourcecode.c.objc; path = MainNavController.m; sourceTree = "<group>"; };
		DC3457691EB0F09F00D82E2D /* MainTabBarController.h */ = {isa = PBXFileReference; fileEncoding = 4; lastKnownFileType = sourcecode.c.h; path = MainTabBarController.h; sourceTree = "<group>"; };
		DC34576A1EB0F09F00D82E2D /* MainTabBarController.m */ = {isa = PBXFileReference; fileEncoding = 4; lastKnownFileType = sourcecode.c.objc; path = MainTabBarController.m; sourceTree = "<group>"; };
		DC34576D1EB0F09F00D82E2D /* Launch Screen.storyboard */ = {isa = PBXFileReference; fileEncoding = 4; lastKnownFileType = file.storyboard; path = "Launch Screen.storyboard"; sourceTree = "<group>"; };
		DC3457761EB0F19F00D82E2D /* PublishController.h */ = {isa = PBXFileReference; fileEncoding = 4; lastKnownFileType = sourcecode.c.h; path = PublishController.h; sourceTree = "<group>"; };
		DC3457771EB0F19F00D82E2D /* PublishController.m */ = {isa = PBXFileReference; fileEncoding = 4; lastKnownFileType = sourcecode.c.objc; path = PublishController.m; sourceTree = "<group>"; };
		DC34577C1EB4231800D82E2D /* MainTabBar.h */ = {isa = PBXFileReference; fileEncoding = 4; lastKnownFileType = sourcecode.c.h; path = MainTabBar.h; sourceTree = "<group>"; };
		DC34577D1EB4231800D82E2D /* MainTabBar.m */ = {isa = PBXFileReference; fileEncoding = 4; lastKnownFileType = sourcecode.c.objc; path = MainTabBar.m; sourceTree = "<group>"; };
		DC34577F1EB4235500D82E2D /* MainBarItem.h */ = {isa = PBXFileReference; fileEncoding = 4; lastKnownFileType = sourcecode.c.h; path = MainBarItem.h; sourceTree = "<group>"; };
		DC3457801EB4235500D82E2D /* MainBarItem.m */ = {isa = PBXFileReference; fileEncoding = 4; lastKnownFileType = sourcecode.c.objc; path = MainBarItem.m; sourceTree = "<group>"; };
		DC3457821EB423EE00D82E2D /* mainTabBarItems.plist */ = {isa = PBXFileReference; fileEncoding = 4; lastKnownFileType = text.plist.xml; path = mainTabBarItems.plist; sourceTree = "<group>"; };
		DC3457861EB4884300D82E2D /* TabBarButton.h */ = {isa = PBXFileReference; fileEncoding = 4; lastKnownFileType = sourcecode.c.h; path = TabBarButton.h; sourceTree = "<group>"; };
		DC3457871EB4884300D82E2D /* TabBarButton.m */ = {isa = PBXFileReference; fileEncoding = 4; lastKnownFileType = sourcecode.c.objc; path = TabBarButton.m; sourceTree = "<group>"; };
		DC3457891EB48F0300D82E2D /* TabBarCenterButton.h */ = {isa = PBXFileReference; fileEncoding = 4; lastKnownFileType = sourcecode.c.h; path = TabBarCenterButton.h; sourceTree = "<group>"; };
		DC34578A1EB48F0300D82E2D /* TabBarCenterButton.m */ = {isa = PBXFileReference; fileEncoding = 4; lastKnownFileType = sourcecode.c.objc; path = TabBarCenterButton.m; sourceTree = "<group>"; };
		DC3457BE1EB6FB4400D82E2D /* services.pch */ = {isa = PBXFileReference; lastKnownFileType = sourcecode.c.h; path = services.pch; sourceTree = "<group>"; };
		DC3457FB1EB832CB00D82E2D /* NavButton.h */ = {isa = PBXFileReference; fileEncoding = 4; lastKnownFileType = sourcecode.c.h; path = NavButton.h; sourceTree = "<group>"; };
		DC3457FC1EB832CB00D82E2D /* NavButton.m */ = {isa = PBXFileReference; fileEncoding = 4; lastKnownFileType = sourcecode.c.objc; path = NavButton.m; sourceTree = "<group>"; };
		DC3457FE1EB8429000D82E2D /* NavCenterBar.h */ = {isa = PBXFileReference; fileEncoding = 4; lastKnownFileType = sourcecode.c.h; path = NavCenterBar.h; sourceTree = "<group>"; };
		DC3457FF1EB8429000D82E2D /* NavCenterBar.m */ = {isa = PBXFileReference; fileEncoding = 4; lastKnownFileType = sourcecode.c.objc; path = NavCenterBar.m; sourceTree = "<group>"; };
		DCCB60941ECC7142003A3B86 /* SearchViewController.h */ = {isa = PBXFileReference; fileEncoding = 4; lastKnownFileType = sourcecode.c.h; path = SearchViewController.h; sourceTree = "<group>"; };
		DCCB60951ECC7142003A3B86 /* SearchViewController.m */ = {isa = PBXFileReference; fileEncoding = 4; lastKnownFileType = sourcecode.c.objc; path = SearchViewController.m; sourceTree = "<group>"; };
		DCCB609A1ECD3486003A3B86 /* CouponView.h */ = {isa = PBXFileReference; fileEncoding = 4; lastKnownFileType = sourcecode.c.h; path = CouponView.h; sourceTree = "<group>"; };
		DCCB609B1ECD3486003A3B86 /* CouponView.m */ = {isa = PBXFileReference; fileEncoding = 4; lastKnownFileType = sourcecode.c.objc; path = CouponView.m; sourceTree = "<group>"; };
		DCD15D311EC43D160071BE0E /* SearchBar.h */ = {isa = PBXFileReference; fileEncoding = 4; lastKnownFileType = sourcecode.c.h; path = SearchBar.h; sourceTree = "<group>"; };
		DCD15D321EC43D160071BE0E /* SearchBar.m */ = {isa = PBXFileReference; fileEncoding = 4; lastKnownFileType = sourcecode.c.objc; path = SearchBar.m; sourceTree = "<group>"; };
		DCD15D341EC44A3E0071BE0E /* PhotoBrowserController.h */ = {isa = PBXFileReference; fileEncoding = 4; lastKnownFileType = sourcecode.c.h; path = PhotoBrowserController.h; sourceTree = "<group>"; };
		DCD15D351EC44A3E0071BE0E /* PhotoBrowserController.m */ = {isa = PBXFileReference; fileEncoding = 4; lastKnownFileType = sourcecode.c.objc; path = PhotoBrowserController.m; sourceTree = "<group>"; };
		DCD15D3D1EC480B70071BE0E /* MyFollowHeaderViewController.h */ = {isa = PBXFileReference; fileEncoding = 4; lastKnownFileType = sourcecode.c.h; path = MyFollowHeaderViewController.h; sourceTree = "<group>"; };
		DCD15D3E1EC480B70071BE0E /* MyFollowHeaderViewController.m */ = {isa = PBXFileReference; fileEncoding = 4; lastKnownFileType = sourcecode.c.objc; path = MyFollowHeaderViewController.m; sourceTree = "<group>"; };
		DCD15D431EC579C80071BE0E /* LikeButton.h */ = {isa = PBXFileReference; fileEncoding = 4; lastKnownFileType = sourcecode.c.h; path = LikeButton.h; sourceTree = "<group>"; };
		DCD15D441EC579C80071BE0E /* LikeButton.m */ = {isa = PBXFileReference; fileEncoding = 4; lastKnownFileType = sourcecode.c.objc; path = LikeButton.m; sourceTree = "<group>"; };
		DCD15D461EC6BD340071BE0E /* DetailViewController.h */ = {isa = PBXFileReference; fileEncoding = 4; lastKnownFileType = sourcecode.c.h; path = DetailViewController.h; sourceTree = "<group>"; };
		DCD15D471EC6BD340071BE0E /* DetailViewController.m */ = {isa = PBXFileReference; fileEncoding = 4; lastKnownFileType = sourcecode.c.objc; path = DetailViewController.m; sourceTree = "<group>"; };
		DCD15D4F1EC8A11C0071BE0E /* SearchController.h */ = {isa = PBXFileReference; fileEncoding = 4; lastKnownFileType = sourcecode.c.h; path = SearchController.h; sourceTree = "<group>"; };
		DCD15D501EC8A11C0071BE0E /* SearchController.m */ = {isa = PBXFileReference; fileEncoding = 4; lastKnownFileType = sourcecode.c.objc; path = SearchController.m; sourceTree = "<group>"; };
		DCD15D521EC936F10071BE0E /* SearchResultViewController.h */ = {isa = PBXFileReference; fileEncoding = 4; lastKnownFileType = sourcecode.c.h; path = SearchResultViewController.h; sourceTree = "<group>"; };
		DCD15D531EC936F10071BE0E /* SearchResultViewController.m */ = {isa = PBXFileReference; fileEncoding = 4; lastKnownFileType = sourcecode.c.objc; path = SearchResultViewController.m; sourceTree = "<group>"; };
		DCD15D551EC943DE0071BE0E /* SearchHistoryView.h */ = {isa = PBXFileReference; fileEncoding = 4; lastKnownFileType = sourcecode.c.h; path = SearchHistoryView.h; sourceTree = "<group>"; };
		DCD15D561EC943DE0071BE0E /* SearchHistoryView.m */ = {isa = PBXFileReference; fileEncoding = 4; lastKnownFileType = sourcecode.c.objc; path = SearchHistoryView.m; sourceTree = "<group>"; };
		DCD15D581ECA8D170071BE0E /* PersonalViewController.h */ = {isa = PBXFileReference; fileEncoding = 4; lastKnownFileType = sourcecode.c.h; path = PersonalViewController.h; sourceTree = "<group>"; };
		DCD15D591ECA8D170071BE0E /* PersonalViewController.m */ = {isa = PBXFileReference; fileEncoding = 4; lastKnownFileType = sourcecode.c.objc; path = PersonalViewController.m; sourceTree = "<group>"; };
		DCFC20521EBAD2A80075ED2F /* MyFollowViewController.h */ = {isa = PBXFileReference; fileEncoding = 4; lastKnownFileType = sourcecode.c.h; path = MyFollowViewController.h; sourceTree = "<group>"; };
		DCFC20531EBAD2A80075ED2F /* MyFollowViewController.m */ = {isa = PBXFileReference; fileEncoding = 4; lastKnownFileType = sourcecode.c.objc; path = MyFollowViewController.m; sourceTree = "<group>"; };
		DCFC20581EBD94080075ED2F /* ServiceInfo.h */ = {isa = PBXFileReference; fileEncoding = 4; lastKnownFileType = sourcecode.c.h; path = ServiceInfo.h; sourceTree = "<group>"; };
		DCFC20591EBD94080075ED2F /* ServiceInfo.m */ = {isa = PBXFileReference; fileEncoding = 4; lastKnownFileType = sourcecode.c.objc; path = ServiceInfo.m; sourceTree = "<group>"; };
		DCFC205E1EBE12C40075ED2F /* ServiceInfoCell.h */ = {isa = PBXFileReference; fileEncoding = 4; lastKnownFileType = sourcecode.c.h; path = ServiceInfoCell.h; sourceTree = "<group>"; };
		DCFC205F1EBE12C40075ED2F /* ServiceInfoCell.m */ = {isa = PBXFileReference; fileEncoding = 4; lastKnownFileType = sourcecode.c.objc; path = ServiceInfoCell.m; sourceTree = "<group>"; };
/* End PBXFileReference section */

/* Begin PBXFrameworksBuildPhase section */
		DC3457191EB08E0D00D82E2D /* Frameworks */ = {
			isa = PBXFrameworksBuildPhase;
			buildActionMask = 2147483647;
			files = (
			);
			runOnlyForDeploymentPostprocessing = 0;
		};
/* End PBXFrameworksBuildPhase section */

/* Begin PBXGroup section */
		DC3457131EB08E0D00D82E2D = {
			isa = PBXGroup;
			children = (
				DC34571E1EB08E0D00D82E2D /* services */,
				DC34571D1EB08E0D00D82E2D /* Products */,
			);
			sourceTree = "<group>";
		};
		DC34571D1EB08E0D00D82E2D /* Products */ = {
			isa = PBXGroup;
			children = (
				DC34571C1EB08E0D00D82E2D /* services.app */,
			);
			name = Products;
			sourceTree = "<group>";
		};
		DC34571E1EB08E0D00D82E2D /* services */ = {
			isa = PBXGroup;
			children = (
				DC3457F71EB831C500D82E2D /* public */,
				DC3457371EB0913600D82E2D /* main */,
				DC3457361EB0913600D82E2D /* library */,
				DC34573B1EB0913600D82E2D /* messages */,
				DC3457471EB0913600D82E2D /* service_provider */,
				DC3457721EB0F16D00D82E2D /* publish */,
				DC3457431EB0913600D82E2D /* service_info */,
				DC34573F1EB0913600D82E2D /* mine */,
				DC34572B1EB08E0D00D82E2D /* Assets.xcassets */,
				DC3457301EB08E0D00D82E2D /* Info.plist */,
				DC34571F1EB08E0D00D82E2D /* Supporting Files */,
			);
			path = services;
			sourceTree = "<group>";
		};
		DC34571F1EB08E0D00D82E2D /* Supporting Files */ = {
			isa = PBXGroup;
			children = (
				DC3457201EB08E0D00D82E2D /* main.m */,
				DC3457821EB423EE00D82E2D /* mainTabBarItems.plist */,
				DC3457BE1EB6FB4400D82E2D /* services.pch */,
			);
			name = "Supporting Files";
			sourceTree = "<group>";
		};
		DC3457361EB0913600D82E2D /* library */ = {
			isa = PBXGroup;
			children = (
			);
			path = library;
			sourceTree = "<group>";
		};
		DC3457371EB0913600D82E2D /* main */ = {
			isa = PBXGroup;
			children = (
				DC3457641EB0F09F00D82E2D /* controller */,
				DC34576B1EB0F09F00D82E2D /* model */,
				DC34576C1EB0F09F00D82E2D /* view */,
			);
			path = main;
			sourceTree = "<group>";
		};
		DC34573B1EB0913600D82E2D /* messages */ = {
			isa = PBXGroup;
			children = (
				DC34573C1EB0913600D82E2D /* controller */,
				DC34573D1EB0913600D82E2D /* model */,
				DC34573E1EB0913600D82E2D /* view */,
			);
			path = messages;
			sourceTree = "<group>";
		};
		DC34573C1EB0913600D82E2D /* controller */ = {
			isa = PBXGroup;
			children = (
				DC3457561EB0942100D82E2D /* MessagesController.h */,
				DC3457571EB0942100D82E2D /* MessagesController.m */,
			);
			path = controller;
			sourceTree = "<group>";
		};
		DC34573D1EB0913600D82E2D /* model */ = {
			isa = PBXGroup;
			children = (
			);
			path = model;
			sourceTree = "<group>";
		};
		DC34573E1EB0913600D82E2D /* view */ = {
			isa = PBXGroup;
			children = (
			);
			path = view;
			sourceTree = "<group>";
		};
		DC34573F1EB0913600D82E2D /* mine */ = {
			isa = PBXGroup;
			children = (
				DC3457401EB0913600D82E2D /* controller */,
				DC3457411EB0913600D82E2D /* model */,
				DC3457421EB0913600D82E2D /* view */,
			);
			path = mine;
			sourceTree = "<group>";
		};
		DC3457401EB0913600D82E2D /* controller */ = {
			isa = PBXGroup;
			children = (
				DC34575F1EB0946100D82E2D /* MineController.h */,
				DC3457601EB0946100D82E2D /* MineController.m */,
			);
			path = controller;
			sourceTree = "<group>";
		};
		DC3457411EB0913600D82E2D /* model */ = {
			isa = PBXGroup;
			children = (
			);
			path = model;
			sourceTree = "<group>";
		};
		DC3457421EB0913600D82E2D /* view */ = {
			isa = PBXGroup;
			children = (
			);
			path = view;
			sourceTree = "<group>";
		};
		DC3457431EB0913600D82E2D /* service_info */ = {
			isa = PBXGroup;
			children = (
				DC3457441EB0913600D82E2D /* controller */,
				DC3457451EB0913600D82E2D /* model */,
				DC3457461EB0913600D82E2D /* view */,
			);
			path = service_info;
			sourceTree = "<group>";
		};
		DC3457441EB0913600D82E2D /* controller */ = {
			isa = PBXGroup;
			children = (
				DC34575C1EB0945300D82E2D /* ServiceInfoController.h */,
				DC34575D1EB0945300D82E2D /* ServiceInfoController.m */,
				DCFC20521EBAD2A80075ED2F /* MyFollowViewController.h */,
				DCFC20531EBAD2A80075ED2F /* MyFollowViewController.m */,
				DCD15D3D1EC480B70071BE0E /* MyFollowHeaderViewController.h */,
				DCD15D3E1EC480B70071BE0E /* MyFollowHeaderViewController.m */,
				DCD15D461EC6BD340071BE0E /* DetailViewController.h */,
				DCD15D471EC6BD340071BE0E /* DetailViewController.m */,
				DCD15D581ECA8D170071BE0E /* PersonalViewController.h */,
				DCD15D591ECA8D170071BE0E /* PersonalViewController.m */,
			);
			path = controller;
			sourceTree = "<group>";
		};
		DC3457451EB0913600D82E2D /* model */ = {
			isa = PBXGroup;
			children = (
				DCFC20581EBD94080075ED2F /* ServiceInfo.h */,
				DCFC20591EBD94080075ED2F /* ServiceInfo.m */,
			);
			path = model;
			sourceTree = "<group>";
		};
		DC3457461EB0913600D82E2D /* view */ = {
			isa = PBXGroup;
			children = (
				DCFC205E1EBE12C40075ED2F /* ServiceInfoCell.h */,
				DCFC205F1EBE12C40075ED2F /* ServiceInfoCell.m */,
				DCD15D311EC43D160071BE0E /* SearchBar.h */,
				DCD15D321EC43D160071BE0E /* SearchBar.m */,
				DCCB609A1ECD3486003A3B86 /* CouponView.h */,
				DCCB609B1ECD3486003A3B86 /* CouponView.m */,
			);
			path = view;
			sourceTree = "<group>";
		};
		DC3457471EB0913600D82E2D /* service_provider */ = {
			isa = PBXGroup;
			children = (
				DC3457481EB0913600D82E2D /* controller */,
				DC3457491EB0913600D82E2D /* model */,
				DC34574A1EB0913600D82E2D /* view */,
			);
			path = service_provider;
			sourceTree = "<group>";
		};
		DC3457481EB0913600D82E2D /* controller */ = {
			isa = PBXGroup;
			children = (
				DC3457591EB0944100D82E2D /* ProviderController.h */,
				DC34575A1EB0944100D82E2D /* ProviderController.m */,
			);
			path = controller;
			sourceTree = "<group>";
		};
		DC3457491EB0913600D82E2D /* model */ = {
			isa = PBXGroup;
			children = (
			);
			path = model;
			sourceTree = "<group>";
		};
		DC34574A1EB0913600D82E2D /* view */ = {
			isa = PBXGroup;
			children = (
			);
			path = view;
			sourceTree = "<group>";
		};
		DC3457641EB0F09F00D82E2D /* controller */ = {
			isa = PBXGroup;
			children = (
				DC3457651EB0F09F00D82E2D /* AppDelegate.h */,
				DC3457661EB0F09F00D82E2D /* AppDelegate.m */,
				DC3457671EB0F09F00D82E2D /* MainNavController.h */,
				DC3457681EB0F09F00D82E2D /* MainNavController.m */,
				DC3457691EB0F09F00D82E2D /* MainTabBarController.h */,
				DC34576A1EB0F09F00D82E2D /* MainTabBarController.m */,
			);
			path = controller;
			sourceTree = "<group>";
		};
		DC34576B1EB0F09F00D82E2D /* model */ = {
			isa = PBXGroup;
			children = (
				DC34577F1EB4235500D82E2D /* MainBarItem.h */,
				DC3457801EB4235500D82E2D /* MainBarItem.m */,
			);
			path = model;
			sourceTree = "<group>";
		};
		DC34576C1EB0F09F00D82E2D /* view */ = {
			isa = PBXGroup;
			children = (
				DC34576D1EB0F09F00D82E2D /* Launch Screen.storyboard */,
				DC34577C1EB4231800D82E2D /* MainTabBar.h */,
				DC34577D1EB4231800D82E2D /* MainTabBar.m */,
				DC3457861EB4884300D82E2D /* TabBarButton.h */,
				DC3457871EB4884300D82E2D /* TabBarButton.m */,
				DC3457891EB48F0300D82E2D /* TabBarCenterButton.h */,
				DC34578A1EB48F0300D82E2D /* TabBarCenterButton.m */,
			);
			path = view;
			sourceTree = "<group>";
		};
		DC3457721EB0F16D00D82E2D /* publish */ = {
			isa = PBXGroup;
			children = (
				DC3457731EB0F16D00D82E2D /* controller */,
				DC3457741EB0F16D00D82E2D /* model */,
				DC3457751EB0F16D00D82E2D /* view */,
			);
			path = publish;
			sourceTree = "<group>";
		};
		DC3457731EB0F16D00D82E2D /* controller */ = {
			isa = PBXGroup;
			children = (
				DC3457761EB0F19F00D82E2D /* PublishController.h */,
				DC3457771EB0F19F00D82E2D /* PublishController.m */,
			);
			path = controller;
			sourceTree = "<group>";
		};
		DC3457741EB0F16D00D82E2D /* model */ = {
			isa = PBXGroup;
			children = (
			);
			path = model;
			sourceTree = "<group>";
		};
		DC3457751EB0F16D00D82E2D /* view */ = {
			isa = PBXGroup;
			children = (
			);
			path = view;
			sourceTree = "<group>";
		};
		DC3457F71EB831C500D82E2D /* public */ = {
			isa = PBXGroup;
			children = (
				DC3457F81EB831C500D82E2D /* controller */,
				DC3457F91EB831C500D82E2D /* model */,
				DC3457FA1EB831C500D82E2D /* view */,
			);
			path = public;
			sourceTree = "<group>";
		};
		DC3457F81EB831C500D82E2D /* controller */ = {
			isa = PBXGroup;
			children = (
				DCD15D341EC44A3E0071BE0E /* PhotoBrowserController.h */,
				DCD15D351EC44A3E0071BE0E /* PhotoBrowserController.m */,
				DCD15D4F1EC8A11C0071BE0E /* SearchController.h */,
				DCD15D501EC8A11C0071BE0E /* SearchController.m */,
				DCD15D521EC936F10071BE0E /* SearchResultViewController.h */,
				DCD15D531EC936F10071BE0E /* SearchResultViewController.m */,
				DCCB60941ECC7142003A3B86 /* SearchViewController.h */,
				DCCB60951ECC7142003A3B86 /* SearchViewController.m */,
			);
			path = controller;
			sourceTree = "<group>";
		};
		DC3457F91EB831C500D82E2D /* model */ = {
			isa = PBXGroup;
			children = (
			);
			path = model;
			sourceTree = "<group>";
		};
		DC3457FA1EB831C500D82E2D /* view */ = {
			isa = PBXGroup;
			children = (
				DC3457FB1EB832CB00D82E2D /* NavButton.h */,
				DC3457FC1EB832CB00D82E2D /* NavButton.m */,
				DC3457FE1EB8429000D82E2D /* NavCenterBar.h */,
				DC3457FF1EB8429000D82E2D /* NavCenterBar.m */,
				DCD15D431EC579C80071BE0E /* LikeButton.h */,
				DCD15D441EC579C80071BE0E /* LikeButton.m */,
				DCD15D551EC943DE0071BE0E /* SearchHistoryView.h */,
				DCD15D561EC943DE0071BE0E /* SearchHistoryView.m */,
			);
			path = view;
			sourceTree = "<group>";
		};
/* End PBXGroup section */

/* Begin PBXNativeTarget section */
		DC34571B1EB08E0D00D82E2D /* services */ = {
			isa = PBXNativeTarget;
			buildConfigurationList = DC3457331EB08E0D00D82E2D /* Build configuration list for PBXNativeTarget "services" */;
			buildPhases = (
				DC3457181EB08E0D00D82E2D /* Sources */,
				DC3457191EB08E0D00D82E2D /* Frameworks */,
				DC34571A1EB08E0D00D82E2D /* Resources */,
			);
			buildRules = (
			);
			dependencies = (
			);
			name = services;
			productName = services;
			productReference = DC34571C1EB08E0D00D82E2D /* services.app */;
			productType = "com.apple.product-type.application";
		};
/* End PBXNativeTarget section */

/* Begin PBXProject section */
		DC3457141EB08E0D00D82E2D /* Project object */ = {
			isa = PBXProject;
			attributes = {
				LastUpgradeCheck = 0820;
				ORGANIZATIONNAME = lqzhuang;
				TargetAttributes = {
					DC34571B1EB08E0D00D82E2D = {
						CreatedOnToolsVersion = 8.2.1;
						DevelopmentTeam = 2QBFHN7R3Y;
						ProvisioningStyle = Automatic;
					};
				};
			};
			buildConfigurationList = DC3457171EB08E0D00D82E2D /* Build configuration list for PBXProject "services" */;
			compatibilityVersion = "Xcode 3.2";
			developmentRegion = English;
			hasScannedForEncodings = 0;
			knownRegions = (
				en,
				Base,
			);
			mainGroup = DC3457131EB08E0D00D82E2D;
			productRefGroup = DC34571D1EB08E0D00D82E2D /* Products */;
			projectDirPath = "";
			projectRoot = "";
			targets = (
				DC34571B1EB08E0D00D82E2D /* services */,
			);
		};
/* End PBXProject section */

/* Begin PBXResourcesBuildPhase section */
		DC34571A1EB08E0D00D82E2D /* Resources */ = {
			isa = PBXResourcesBuildPhase;
			buildActionMask = 2147483647;
			files = (
				DC3457711EB0F09F00D82E2D /* Launch Screen.storyboard in Resources */,
				DC3457831EB423EE00D82E2D /* mainTabBarItems.plist in Resources */,
				DC34572C1EB08E0D00D82E2D /* Assets.xcassets in Resources */,
			);
			runOnlyForDeploymentPostprocessing = 0;
		};
/* End PBXResourcesBuildPhase section */

/* Begin PBXSourcesBuildPhase section */
		DC3457181EB08E0D00D82E2D /* Sources */ = {
			isa = PBXSourcesBuildPhase;
			buildActionMask = 2147483647;
			files = (
				DC3457811EB4235500D82E2D /* MainBarItem.m in Sources */,
				DC3457881EB4884300D82E2D /* TabBarButton.m in Sources */,
				DCCB609C1ECD3486003A3B86 /* CouponView.m in Sources */,
				DC3457781EB0F19F00D82E2D /* PublishController.m in Sources */,
				DCFC205A1EBD94080075ED2F /* ServiceInfo.m in Sources */,
				DCD15D481EC6BD340071BE0E /* DetailViewController.m in Sources */,
				DC3457611EB0946100D82E2D /* MineController.m in Sources */,
				DCD15D541EC936F10071BE0E /* SearchResultViewController.m in Sources */,
				DCD15D3F1EC480B70071BE0E /* MyFollowHeaderViewController.m in Sources */,
				DC34575E1EB0945300D82E2D /* ServiceInfoController.m in Sources */,
				DC34576E1EB0F09F00D82E2D /* AppDelegate.m in Sources */,
				DCFC20601EBE12C40075ED2F /* ServiceInfoCell.m in Sources */,
				DC34575B1EB0944100D82E2D /* ProviderController.m in Sources */,
				DC34578B1EB48F0300D82E2D /* TabBarCenterButton.m in Sources */,
				DCCB60961ECC7142003A3B86 /* SearchViewController.m in Sources */,
				DC3458001EB8429000D82E2D /* NavCenterBar.m in Sources */,
				DCFC20541EBAD2A80075ED2F /* MyFollowViewController.m in Sources */,
				DCD15D571EC943DE0071BE0E /* SearchHistoryView.m in Sources */,
				DCD15D451EC579C80071BE0E /* LikeButton.m in Sources */,
				DC3457211EB08E0D00D82E2D /* main.m in Sources */,
				DC3457581EB0942100D82E2D /* MessagesController.m in Sources */,
				DCD15D511EC8A11C0071BE0E /* SearchController.m in Sources */,
				DCD15D5A1ECA8D170071BE0E /* PersonalViewController.m in Sources */,
				DC3457701EB0F09F00D82E2D /* MainTabBarController.m in Sources */,
				DCD15D331EC43D160071BE0E /* SearchBar.m in Sources */,
				DC34577E1EB4231800D82E2D /* MainTabBar.m in Sources */,
				DC3457FD1EB832CB00D82E2D /* NavButton.m in Sources */,
				DC34576F1EB0F09F00D82E2D /* MainNavController.m in Sources */,
				DCD15D361EC44A3E0071BE0E /* PhotoBrowserController.m in Sources */,
			);
			runOnlyForDeploymentPostprocessing = 0;
		};
/* End PBXSourcesBuildPhase section */

/* Begin XCBuildConfiguration section */
		DC3457311EB08E0D00D82E2D /* Debug */ = {
			isa = XCBuildConfiguration;
			buildSettings = {
				ALWAYS_SEARCH_USER_PATHS = NO;
				CLANG_ANALYZER_NONNULL = YES;
				CLANG_CXX_LANGUAGE_STANDARD = "gnu++0x";
				CLANG_CXX_LIBRARY = "libc++";
				CLANG_ENABLE_MODULES = YES;
				CLANG_ENABLE_OBJC_ARC = YES;
				CLANG_WARN_BOOL_CONVERSION = YES;
				CLANG_WARN_CONSTANT_CONVERSION = YES;
				CLANG_WARN_DIRECT_OBJC_ISA_USAGE = YES_ERROR;
				CLANG_WARN_DOCUMENTATION_COMMENTS = YES;
				CLANG_WARN_EMPTY_BODY = YES;
				CLANG_WARN_ENUM_CONVERSION = YES;
				CLANG_WARN_INFINITE_RECURSION = YES;
				CLANG_WARN_INT_CONVERSION = YES;
				CLANG_WARN_OBJC_ROOT_CLASS = YES_ERROR;
				CLANG_WARN_SUSPICIOUS_MOVE = YES;
				CLANG_WARN_UNREACHABLE_CODE = YES;
				CLANG_WARN__DUPLICATE_METHOD_MATCH = YES;
				"CODE_SIGN_IDENTITY[sdk=iphoneos*]" = "iPhone Developer";
				COPY_PHASE_STRIP = NO;
				DEBUG_INFORMATION_FORMAT = dwarf;
				ENABLE_STRICT_OBJC_MSGSEND = YES;
				ENABLE_TESTABILITY = YES;
				GCC_C_LANGUAGE_STANDARD = gnu99;
				GCC_DYNAMIC_NO_PIC = NO;
				GCC_NO_COMMON_BLOCKS = YES;
				GCC_OPTIMIZATION_LEVEL = 0;
				GCC_PREPROCESSOR_DEFINITIONS = (
					"DEBUG=1",
					"$(inherited)",
				);
				GCC_WARN_64_TO_32_BIT_CONVERSION = YES;
				GCC_WARN_ABOUT_RETURN_TYPE = YES_ERROR;
				GCC_WARN_UNDECLARED_SELECTOR = YES;
				GCC_WARN_UNINITIALIZED_AUTOS = YES_AGGRESSIVE;
				GCC_WARN_UNUSED_FUNCTION = YES;
				GCC_WARN_UNUSED_VARIABLE = YES;
				IPHONEOS_DEPLOYMENT_TARGET = 10.2;
				MTL_ENABLE_DEBUG_INFO = YES;
				ONLY_ACTIVE_ARCH = YES;
				SDKROOT = iphoneos;
			};
			name = Debug;
		};
		DC3457321EB08E0D00D82E2D /* Release */ = {
			isa = XCBuildConfiguration;
			buildSettings = {
				ALWAYS_SEARCH_USER_PATHS = NO;
				CLANG_ANALYZER_NONNULL = YES;
				CLANG_CXX_LANGUAGE_STANDARD = "gnu++0x";
				CLANG_CXX_LIBRARY = "libc++";
				CLANG_ENABLE_MODULES = YES;
				CLANG_ENABLE_OBJC_ARC = YES;
				CLANG_WARN_BOOL_CONVERSION = YES;
				CLANG_WARN_CONSTANT_CONVERSION = YES;
				CLANG_WARN_DIRECT_OBJC_ISA_USAGE = YES_ERROR;
				CLANG_WARN_DOCUMENTATION_COMMENTS = YES;
				CLANG_WARN_EMPTY_BODY = YES;
				CLANG_WARN_ENUM_CONVERSION = YES;
				CLANG_WARN_INFINITE_RECURSION = YES;
				CLANG_WARN_INT_CONVERSION = YES;
				CLANG_WARN_OBJC_ROOT_CLASS = YES_ERROR;
				CLANG_WARN_SUSPICIOUS_MOVE = YES;
				CLANG_WARN_UNREACHABLE_CODE = YES;
				CLANG_WARN__DUPLICATE_METHOD_MATCH = YES;
				"CODE_SIGN_IDENTITY[sdk=iphoneos*]" = "iPhone Developer";
				COPY_PHASE_STRIP = NO;
				DEBUG_INFORMATION_FORMAT = "dwarf-with-dsym";
				ENABLE_NS_ASSERTIONS = NO;
				ENABLE_STRICT_OBJC_MSGSEND = YES;
				GCC_C_LANGUAGE_STANDARD = gnu99;
				GCC_NO_COMMON_BLOCKS = YES;
				GCC_WARN_64_TO_32_BIT_CONVERSION = YES;
				GCC_WARN_ABOUT_RETURN_TYPE = YES_ERROR;
				GCC_WARN_UNDECLARED_SELECTOR = YES;
				GCC_WARN_UNINITIALIZED_AUTOS = YES_AGGRESSIVE;
				GCC_WARN_UNUSED_FUNCTION = YES;
				GCC_WARN_UNUSED_VARIABLE = YES;
				IPHONEOS_DEPLOYMENT_TARGET = 10.2;
				MTL_ENABLE_DEBUG_INFO = NO;
				SDKROOT = iphoneos;
				VALIDATE_PRODUCT = YES;
			};
			name = Release;
		};
		DC3457341EB08E0D00D82E2D /* Debug */ = {
			isa = XCBuildConfiguration;
			buildSettings = {
				ASSETCATALOG_COMPILER_APPICON_NAME = AppIcon;
				DEVELOPMENT_TEAM = 2QBFHN7R3Y;
				GCC_PRECOMPILE_PREFIX_HEADER = YES;
				GCC_PREFIX_HEADER = "$(SRCROOT)/services/services.pch";
				INFOPLIST_FILE = services/Info.plist;
				IPHONEOS_DEPLOYMENT_TARGET = 10.0;
				LD_RUNPATH_SEARCH_PATHS = "$(inherited) @executable_path/Frameworks";
				PRODUCT_BUNDLE_IDENTIFIER = "DZ.0512-services1";
				PRODUCT_NAME = "$(TARGET_NAME)";
			};
			name = Debug;
		};
		DC3457351EB08E0D00D82E2D /* Release */ = {
			isa = XCBuildConfiguration;
			buildSettings = {
				ASSETCATALOG_COMPILER_APPICON_NAME = AppIcon;
				DEVELOPMENT_TEAM = 2QBFHN7R3Y;
				GCC_PRECOMPILE_PREFIX_HEADER = YES;
				GCC_PREFIX_HEADER = "$(SRCROOT)/services/services.pch";
				INFOPLIST_FILE = services/Info.plist;
				IPHONEOS_DEPLOYMENT_TARGET = 10.0;
				LD_RUNPATH_SEARCH_PATHS = "$(inherited) @executable_path/Frameworks";
				PRODUCT_BUNDLE_IDENTIFIER = "DZ.0512-services1";
				PRODUCT_NAME = "$(TARGET_NAME)";
			};
			name = Release;
		};
/* End XCBuildConfiguration section */

/* Begin XCConfigurationList section */
		DC3457171EB08E0D00D82E2D /* Build configuration list for PBXProject "services" */ = {
			isa = XCConfigurationList;
			buildConfigurations = (
				DC3457311EB08E0D00D82E2D /* Debug */,
				DC3457321EB08E0D00D82E2D /* Release */,
			);
			defaultConfigurationIsVisible = 0;
			defaultConfigurationName = Release;
		};
		DC3457331EB08E0D00D82E2D /* Build configuration list for PBXNativeTarget "services" */ = {
			isa = XCConfigurationList;
			buildConfigurations = (
				DC3457341EB08E0D00D82E2D /* Debug */,
				DC3457351EB08E0D00D82E2D /* Release */,
			);
			defaultConfigurationIsVisible = 0;
			defaultConfigurationName = Release;
		};
/* End XCConfigurationList section */
	};
	rootObject = DC3457141EB08E0D00D82E2D /* Project object */;
}
